
Microsoft Visual Studio Solution File, Format Version 12.00
# Visual Studio Version 17
VisualStudioVersion = 17.14.36301.6
MinimumVisualStudioVersion = 10.0.40219.1
Project("{FAE04EC0-301F-11D3-BF4B-00C04F79EFBC}") = "Combat", "Combat\Combat.csproj", "{04AEBAF3-FD02-49E9-91DA-095DBE7562BB}"
EndProject
Global
	GlobalSection(SolutionConfigurationPlatforms) = preSolution
		Debug|Any CPU = Debug|Any CPU
		Release|Any CPU = Release|Any CPU
	EndGlobalSection
	GlobalSection(ProjectConfigurationPlatforms) = postSolution
		{04AEBAF3-FD02-49E9-91DA-095DBE7562BB}.Debug|Any CPU.ActiveCfg = Release|Any CPU
		{04AEBAF3-FD02-49E9-91DA-095DBE7562BB}.Debug|Any CPU.Build.0 = Release|Any CPU
		{04AEBAF3-FD02-49E9-91DA-095DBE7562BB}.Release|Any CPU.ActiveCfg = Release|Any CPU
		{04AEBAF3-FD02-49E9-91DA-095DBE7562BB}.Release|Any CPU.Build.0 = Release|Any CPU
	EndGlobalSection
	GlobalSection(SolutionProperties) = preSolution
		HideSolutionNode = FALSE
	EndGlobalSection
	GlobalSection(ExtensibilityGlobals) = postSolution
		SolutionGuid = {88CAAFA2-0FA2-414E-A888-7637305C7C74}
	EndGlobalSection
EndGlobal
